{
	"name": "luban-h5-plugins",
	"version": "1.0.5",
	"lockfileVersion": 1,
	"requires": true,
	"dependencies": {
		"@ant-design/colors": {
			"version": "3.2.2",
			"resolved": "https://registry.npm.taobao.org/@ant-design/colors/download/@ant-design/colors-3.2.2.tgz",
			"integrity": "sha1-WtQ9YZ6RHzSI66wwPWBuZqhCOQM=",
			"requires": {
				"tinycolor2": "^1.4.1"
			}
		},
		"@ant-design/icons": {
			"version": "2.1.1",
			"resolved": "https://registry.npm.taobao.org/@ant-design/icons/download/@ant-design/icons-2.1.1.tgz?cache=0&sync_timestamp=1605268034416&other_urls=https%3A%2F%2Fregistry.npm.taobao.org%2F%40ant-design%2Ficons%2Fdownload%2F%40ant-design%2Ficons-2.1.1.tgz",
			"integrity": "sha1-e5wI3/1PXUHbZn2dvl4BB9C9mko="
		},
		"@ant-design/icons-vue": {
			"version": "2.0.0",
			"resolved": "https://registry.npm.taobao.org/@ant-design/icons-vue/download/@ant-design/icons-vue-2.0.0.tgz?cache=0&sync_timestamp=1606367520292&other_urls=https%3A%2F%2Fregistry.npm.taobao.org%2F%40ant-design%2Ficons-vue%2Fdownload%2F%40ant-design%2Ficons-vue-2.0.0.tgz",
			"integrity": "sha1-A1f1AQpATp80qHpLQbKgjfaR284=",
			"requires": {
				"@ant-design/colors": "^3.1.0",
				"babel-runtime": "^6.26.0"
			}
		},
		"@babel/runtime": {
			"version": "7.12.5",
			"resolved": "https://registry.npm.taobao.org/@babel/runtime/download/@babel/runtime-7.12.5.tgz?cache=0&sync_timestamp=1604441085826&other_urls=https%3A%2F%2Fregistry.npm.taobao.org%2F%40babel%2Fruntime%2Fdownload%2F%40babel%2Fruntime-7.12.5.tgz",
			"integrity": "sha1-QQ5+SHRB4bNgwpvnFdhw2bmFiC4=",
			"requires": {
				"regenerator-runtime": "^0.13.4"
			},
			"dependencies": {
				"regenerator-runtime": {
					"version": "0.13.7",
					"resolved": "https://registry.npm.taobao.org/regenerator-runtime/download/regenerator-runtime-0.13.7.tgz?cache=0&sync_timestamp=1595456117883&other_urls=https%3A%2F%2Fregistry.npm.taobao.org%2Fregenerator-runtime%2Fdownload%2Fregenerator-runtime-0.13.7.tgz",
					"integrity": "sha1-ysLazIoepnX+qrrriugziYrkb1U="
				}
			}
		},
		"@popperjs/core": {
			"version": "2.5.4",
			"resolved": "https://registry.npm.taobao.org/@popperjs/core/download/@popperjs/core-2.5.4.tgz",
			"integrity": "sha1-3iW12p9yeYWjdX/Vm10Cirp1hBo="
		},
		"@simonwep/pickr": {
			"version": "1.7.4",
			"resolved": "https://registry.npm.taobao.org/@simonwep/pickr/download/@simonwep/pickr-1.7.4.tgz",
			"integrity": "sha1-sU/NlFiQOIuHDNbbTWx41THyUUE=",
			"requires": {
				"core-js": "^3.6.5",
				"nanopop": "^2.1.0"
			},
			"dependencies": {
				"core-js": {
					"version": "3.8.0",
					"resolved": "https://registry.npm.taobao.org/core-js/download/core-js-3.8.0.tgz?cache=0&sync_timestamp=1606326902761&other_urls=https%3A%2F%2Fregistry.npm.taobao.org%2Fcore-js%2Fdownload%2Fcore-js-3.8.0.tgz",
					"integrity": "sha1-D8LUlByt+AU4sDBki7ZNIwtNoM4="
				}
			}
		},
		"@vant/icons": {
			"version": "1.4.0",
			"resolved": "https://registry.npm.taobao.org/@vant/icons/download/@vant/icons-1.4.0.tgz",
			"integrity": "sha1-qR94lPLzQ1b3il1vi51PGkat0MU="
		},
		"@vant/popperjs": {
			"version": "1.0.0",
			"resolved": "https://registry.npm.taobao.org/@vant/popperjs/download/@vant/popperjs-1.0.0.tgz",
			"integrity": "sha1-LWarS44nXJj7gvXv1D/dR5ZNEfI=",
			"requires": {
				"@popperjs/core": "^2.5.4"
			}
		},
		"@vue/babel-helper-vue-jsx-merge-props": {
			"version": "1.2.1",
			"resolved": "https://registry.npm.taobao.org/@vue/babel-helper-vue-jsx-merge-props/download/@vue/babel-helper-vue-jsx-merge-props-1.2.1.tgz?cache=0&sync_timestamp=1602851211699&other_urls=https%3A%2F%2Fregistry.npm.taobao.org%2F%40vue%2Fbabel-helper-vue-jsx-merge-props%2Fdownload%2F%40vue%2Fbabel-helper-vue-jsx-merge-props-1.2.1.tgz",
			"integrity": "sha1-MWJKelBfsU2h1YAjclpMXycOaoE="
		},
		"add-dom-event-listener": {
			"version": "1.1.0",
			"resolved": "https://registry.npm.taobao.org/add-dom-event-listener/download/add-dom-event-listener-1.1.0.tgz",
			"integrity": "sha1-apLbOg3Qq8JU4JXA8dwUrLuq4xA=",
			"requires": {
				"object-assign": "4.x"
			}
		},
		"ansi-escapes": {
			"version": "1.4.0",
			"resolved": "https://registry.npm.taobao.org/ansi-escapes/download/ansi-escapes-1.4.0.tgz",
			"integrity": "sha1-06ioOzGapneTZisT52HHkRQiMG4="
		},
		"ansi-regex": {
			"version": "2.1.1",
			"resolved": "https://registry.npm.taobao.org/ansi-regex/download/ansi-regex-2.1.1.tgz?cache=0&sync_timestamp=1570188570027&other_urls=https%3A%2F%2Fregistry.npm.taobao.org%2Fansi-regex%2Fdownload%2Fansi-regex-2.1.1.tgz",
			"integrity": "sha1-w7M6te42DYbg5ijwRorn7yfWVN8="
		},
		"ansi-styles": {
			"version": "2.2.1",
			"resolved": "https://registry.npm.taobao.org/ansi-styles/download/ansi-styles-2.2.1.tgz?cache=0&sync_timestamp=1606792255762&other_urls=https%3A%2F%2Fregistry.npm.taobao.org%2Fansi-styles%2Fdownload%2Fansi-styles-2.2.1.tgz",
			"integrity": "sha1-tDLdM1i2NM914eRmQ2gkBTPB3b4="
		},
		"ant-design-vue": {
			"version": "1.7.2",
			"resolved": "https://registry.npm.taobao.org/ant-design-vue/download/ant-design-vue-1.7.2.tgz",
			"integrity": "sha1-qsf/gCIFcRYxyGmOKgx7TmHf1z4=",
			"requires": {
				"@ant-design/icons": "^2.1.1",
				"@ant-design/icons-vue": "^2.0.0",
				"@simonwep/pickr": "~1.7.0",
				"add-dom-event-listener": "^1.0.2",
				"array-tree-filter": "^2.1.0",
				"async-validator": "^3.0.3",
				"babel-helper-vue-jsx-merge-props": "^2.0.3",
				"babel-runtime": "6.x",
				"classnames": "^2.2.5",
				"component-classes": "^1.2.6",
				"dom-align": "^1.10.4",
				"dom-closest": "^0.2.0",
				"dom-scroll-into-view": "^2.0.0",
				"enquire.js": "^2.1.6",
				"intersperse": "^1.0.0",
				"is-mobile": "^2.2.1",
				"is-negative-zero": "^2.0.0",
				"ismobilejs": "^1.0.0",
				"json2mq": "^0.2.0",
				"lodash": "^4.17.5",
				"moment": "^2.21.0",
				"mutationobserver-shim": "^0.3.2",
				"node-emoji": "^1.10.0",
				"omit.js": "^1.0.0",
				"raf": "^3.4.0",
				"resize-observer-polyfill": "^1.5.1",
				"shallow-equal": "^1.0.0",
				"shallowequal": "^1.0.2",
				"vue-ref": "^2.0.0",
				"warning": "^4.0.0"
			}
		},
		"array-tree-filter": {
			"version": "2.1.0",
			"resolved": "https://registry.npm.taobao.org/array-tree-filter/download/array-tree-filter-2.1.0.tgz",
			"integrity": "sha1-hzrAD+yDdJ8lWsjdCDgUtPYykZA="
		},
		"async-validator": {
			"version": "3.5.1",
			"resolved": "https://registry.npm.taobao.org/async-validator/download/async-validator-3.5.1.tgz?cache=0&sync_timestamp=1605751734916&other_urls=https%3A%2F%2Fregistry.npm.taobao.org%2Fasync-validator%2Fdownload%2Fasync-validator-3.5.1.tgz",
			"integrity": "sha1-zWK5aIskZfSEIOJ620d2CrG1VZ8="
		},
		"babel-helper-vue-jsx-merge-props": {
			"version": "2.0.3",
			"resolved": "https://registry.npm.taobao.org/babel-helper-vue-jsx-merge-props/download/babel-helper-vue-jsx-merge-props-2.0.3.tgz",
			"integrity": "sha1-Iq69OzOQIyjlEyk6jkmSs4T58bY="
		},
		"babel-polyfill": {
			"version": "6.23.0",
			"resolved": "https://registry.npm.taobao.org/babel-polyfill/download/babel-polyfill-6.23.0.tgz",
			"integrity": "sha1-g2TKYt+Or7gwSZ9pkXdGbDsDSZ0=",
			"requires": {
				"babel-runtime": "^6.22.0",
				"core-js": "^2.4.0",
				"regenerator-runtime": "^0.10.0"
			},
			"dependencies": {
				"regenerator-runtime": {
					"version": "0.10.5",
					"resolved": "https://registry.npm.taobao.org/regenerator-runtime/download/regenerator-runtime-0.10.5.tgz?cache=0&sync_timestamp=1595456117883&other_urls=https%3A%2F%2Fregistry.npm.taobao.org%2Fregenerator-runtime%2Fdownload%2Fregenerator-runtime-0.10.5.tgz",
					"integrity": "sha1-M2w+/BIgrc7dosn6tntaeVWjNlg="
				}
			}
		},
		"babel-runtime": {
			"version": "6.26.0",
			"resolved": "https://registry.npm.taobao.org/babel-runtime/download/babel-runtime-6.26.0.tgz?cache=0&sync_timestamp=1587491768729&other_urls=https%3A%2F%2Fregistry.npm.taobao.org%2Fbabel-runtime%2Fdownload%2Fbabel-runtime-6.26.0.tgz",
			"integrity": "sha1-llxwWGaOgrVde/4E/yM3vItWR/4=",
			"requires": {
				"core-js": "^2.4.0",
				"regenerator-runtime": "^0.11.0"
			}
		},
		"call-bind": {
			"version": "1.0.0",
			"resolved": "https://registry.npm.taobao.org/call-bind/download/call-bind-1.0.0.tgz?cache=0&other_urls=https%3A%2F%2Fregistry.npm.taobao.org%2Fcall-bind%2Fdownload%2Fcall-bind-1.0.0.tgz",
			"integrity": "sha1-JBJwVLs/m9y0sfuCQYGGBy93uM4=",
			"requires": {
				"function-bind": "^1.1.1",
				"get-intrinsic": "^1.0.0"
			}
		},
		"chalk": {
			"version": "1.1.3",
			"resolved": "https://registry.npm.taobao.org/chalk/download/chalk-1.1.3.tgz?cache=0&sync_timestamp=1591687000046&other_urls=https%3A%2F%2Fregistry.npm.taobao.org%2Fchalk%2Fdownload%2Fchalk-1.1.3.tgz",
			"integrity": "sha1-qBFcVeSnAv5NFQq9OHKCKn4J/Jg=",
			"requires": {
				"ansi-styles": "^2.2.1",
				"escape-string-regexp": "^1.0.2",
				"has-ansi": "^2.0.0",
				"strip-ansi": "^3.0.0",
				"supports-color": "^2.0.0"
			}
		},
		"chardet": {
			"version": "0.4.2",
			"resolved": "https://registry.npm.taobao.org/chardet/download/chardet-0.4.2.tgz",
			"integrity": "sha1-tUc7M9yXxCTl2Y3IfVXU2KKci/I="
		},
		"classnames": {
			"version": "2.2.6",
			"resolved": "https://registry.npm.taobao.org/classnames/download/classnames-2.2.6.tgz",
			"integrity": "sha1-Q5Nb/90pHzJtrQogUwmzjQD2UM4="
		},
		"cli-cursor": {
			"version": "2.1.0",
			"resolved": "https://registry.npm.taobao.org/cli-cursor/download/cli-cursor-2.1.0.tgz",
			"integrity": "sha1-s12sN2R5+sw+lHR9QdDQ9SOP/LU=",
			"requires": {
				"restore-cursor": "^2.0.0"
			}
		},
		"cli-width": {
			"version": "2.2.1",
			"resolved": "https://registry.npm.taobao.org/cli-width/download/cli-width-2.2.1.tgz",
			"integrity": "sha1-sEM9C06chH7xiGik7xb9X8gnHEg="
		},
		"clone": {
			"version": "2.1.2",
			"resolved": "https://registry.npm.taobao.org/clone/download/clone-2.1.2.tgz",
			"integrity": "sha1-G39Ln1kfHo+DZwQBYANFoCiHQ18="
		},
		"component-classes": {
			"version": "1.2.6",
			"resolved": "https://registry.npm.taobao.org/component-classes/download/component-classes-1.2.6.tgz",
			"integrity": "sha1-xkI5TDYYpNiwuJGe/Mu9kw5c1pE=",
			"requires": {
				"component-indexof": "0.0.3"
			}
		},
		"component-indexof": {
			"version": "0.0.3",
			"resolved": "https://registry.npm.taobao.org/component-indexof/download/component-indexof-0.0.3.tgz",
			"integrity": "sha1-EdCRMSI5648yyPJa6csAL/6NPCQ="
		},
		"core-js": {
			"version": "2.6.12",
			"resolved": "https://registry.npm.taobao.org/core-js/download/core-js-2.6.12.tgz?cache=0&sync_timestamp=1606326902761&other_urls=https%3A%2F%2Fregistry.npm.taobao.org%2Fcore-js%2Fdownload%2Fcore-js-2.6.12.tgz",
			"integrity": "sha1-2TM9+nsGXjR8xWgiGdb2kIWcwuw="
		},
		"deep-equal": {
			"version": "1.1.1",
			"resolved": "https://registry.npm.taobao.org/deep-equal/download/deep-equal-1.1.1.tgz?cache=0&sync_timestamp=1606860101281&other_urls=https%3A%2F%2Fregistry.npm.taobao.org%2Fdeep-equal%2Fdownload%2Fdeep-equal-1.1.1.tgz",
			"integrity": "sha1-tcmMlCzv+vfLBR4k4UNKJaLmB2o=",
			"requires": {
				"is-arguments": "^1.0.4",
				"is-date-object": "^1.0.1",
				"is-regex": "^1.0.4",
				"object-is": "^1.0.1",
				"object-keys": "^1.1.1",
				"regexp.prototype.flags": "^1.2.0"
			}
		},
		"define-properties": {
			"version": "1.1.3",
			"resolved": "https://registry.npm.taobao.org/define-properties/download/define-properties-1.1.3.tgz",
			"integrity": "sha1-z4jabL7ib+bbcJT2HYcMvYTO6fE=",
			"requires": {
				"object-keys": "^1.0.12"
			}
		},
		"dom-align": {
			"version": "1.12.0",
			"resolved": "https://registry.npm.taobao.org/dom-align/download/dom-align-1.12.0.tgz?cache=0&sync_timestamp=1589857649144&other_urls=https%3A%2F%2Fregistry.npm.taobao.org%2Fdom-align%2Fdownload%2Fdom-align-1.12.0.tgz",
			"integrity": "sha1-VvtxVt8LkQmYMDZNLUj4iWP1opw="
		},
		"dom-closest": {
			"version": "0.2.0",
			"resolved": "https://registry.npm.taobao.org/dom-closest/download/dom-closest-0.2.0.tgz",
			"integrity": "sha1-69n5HRvyLo1vR3h2u80+yQIWwM8=",
			"requires": {
				"dom-matches": ">=1.0.1"
			}
		},
		"dom-matches": {
			"version": "2.0.0",
			"resolved": "https://registry.npm.taobao.org/dom-matches/download/dom-matches-2.0.0.tgz",
			"integrity": "sha1-0nKLQWqHUzmA6wibhI0lPPI6dYw="
		},
		"dom-scroll-into-view": {
			"version": "2.0.1",
			"resolved": "https://registry.npm.taobao.org/dom-scroll-into-view/download/dom-scroll-into-view-2.0.1.tgz",
			"integrity": "sha1-DezIUigB/Y0/HGujVadNOCxfmJs="
		},
		"echarts": {
			"version": "4.9.0",
			"resolved": "https://registry.npm.taobao.org/echarts/download/echarts-4.9.0.tgz?cache=0&sync_timestamp=1606890707379&other_urls=https%3A%2F%2Fregistry.npm.taobao.org%2Fecharts%2Fdownload%2Fecharts-4.9.0.tgz",
			"integrity": "sha1-qbm6oD8Doqcx5jQMVb77V6nhNH0=",
			"requires": {
				"zrender": "4.3.2"
			}
		},
		"echarts-amap": {
			"version": "1.0.0-rc.6",
			"resolved": "https://registry.npm.taobao.org/echarts-amap/download/echarts-amap-1.0.0-rc.6.tgz",
			"integrity": "sha1-V4KnTa7lLtRM4/j2JXdWF4PwnhY="
		},
		"echarts-liquidfill": {
			"version": "2.0.6",
			"resolved": "https://registry.npm.taobao.org/echarts-liquidfill/download/echarts-liquidfill-2.0.6.tgz",
			"integrity": "sha1-BmjcYdh6YmIAMJC9MsVaqBCMJS4="
		},
		"echarts-wordcloud": {
			"version": "1.1.3",
			"resolved": "https://registry.npm.taobao.org/echarts-wordcloud/download/echarts-wordcloud-1.1.3.tgz",
			"integrity": "sha1-B7FAyLp2sZwxe0PDEPPV3Jkon/I="
		},
		"encoding": {
			"version": "0.1.13",
			"resolved": "https://registry.npm.taobao.org/encoding/download/encoding-0.1.13.tgz?cache=0&sync_timestamp=1594362973804&other_urls=https%3A%2F%2Fregistry.npm.taobao.org%2Fencoding%2Fdownload%2Fencoding-0.1.13.tgz",
			"integrity": "sha1-VldK/deR9UqOmyeFwFgqLSYhD6k=",
			"requires": {
				"iconv-lite": "^0.6.2"
			},
			"dependencies": {
				"iconv-lite": {
					"version": "0.6.2",
					"resolved": "https://registry.npm.taobao.org/iconv-lite/download/iconv-lite-0.6.2.tgz?cache=0&sync_timestamp=1594184264130&other_urls=https%3A%2F%2Fregistry.npm.taobao.org%2Ficonv-lite%2Fdownload%2Ficonv-lite-0.6.2.tgz",
					"integrity": "sha1-zhPRh1sMOmdL1qBLf3awGxtt7QE=",
					"requires": {
						"safer-buffer": ">= 2.1.2 < 3.0.0"
					}
				}
			}
		},
		"enquire.js": {
			"version": "2.1.6",
			"resolved": "https://registry.npm.taobao.org/enquire.js/download/enquire.js-2.1.6.tgz",
			"integrity": "sha1-PoeAybi4NQhMP2DhZtvDwqPImBQ="
		},
		"es-abstract": {
			"version": "1.17.7",
			"resolved": "https://registry.npm.taobao.org/es-abstract/download/es-abstract-1.17.7.tgz",
			"integrity": "sha1-pN5hsvZpifx0IWdsHLl4dXOs5Uw=",
			"requires": {
				"es-to-primitive": "^1.2.1",
				"function-bind": "^1.1.1",
				"has": "^1.0.3",
				"has-symbols": "^1.0.1",
				"is-callable": "^1.2.2",
				"is-regex": "^1.1.1",
				"object-inspect": "^1.8.0",
				"object-keys": "^1.1.1",
				"object.assign": "^4.1.1",
				"string.prototype.trimend": "^1.0.1",
				"string.prototype.trimstart": "^1.0.1"
			}
		},
		"es-to-primitive": {
			"version": "1.2.1",
			"resolved": "https://registry.npm.taobao.org/es-to-primitive/download/es-to-primitive-1.2.1.tgz",
			"integrity": "sha1-5VzUyc3BiLzvsDs2bHNjI/xciYo=",
			"requires": {
				"is-callable": "^1.1.4",
				"is-date-object": "^1.0.1",
				"is-symbol": "^1.0.2"
			}
		},
		"escape-string-regexp": {
			"version": "1.0.5",
			"resolved": "https://registry.npm.taobao.org/escape-string-regexp/download/escape-string-regexp-1.0.5.tgz",
			"integrity": "sha1-G2HAViGQqN/2rjuyzwIAyhMLhtQ="
		},
		"eventemitter3": {
			"version": "2.0.3",
			"resolved": "https://registry.npm.taobao.org/eventemitter3/download/eventemitter3-2.0.3.tgz?cache=0&sync_timestamp=1598517989489&other_urls=https%3A%2F%2Fregistry.npm.taobao.org%2Feventemitter3%2Fdownload%2Feventemitter3-2.0.3.tgz",
			"integrity": "sha1-teEHm1n7XhuidxwKmTvgYKWMmbo="
		},
		"extend": {
			"version": "3.0.2",
			"resolved": "https://registry.npm.taobao.org/extend/download/extend-3.0.2.tgz",
			"integrity": "sha1-+LETa0Bx+9jrFAr/hYsQGewpFfo="
		},
		"external-editor": {
			"version": "2.2.0",
			"resolved": "https://registry.npm.taobao.org/external-editor/download/external-editor-2.2.0.tgz",
			"integrity": "sha1-BFURz9jRM/OEZnPRBHwVTiFK09U=",
			"requires": {
				"chardet": "^0.4.0",
				"iconv-lite": "^0.4.17",
				"tmp": "^0.0.33"
			}
		},
		"fast-diff": {
			"version": "1.1.2",
			"resolved": "https://registry.npm.taobao.org/fast-diff/download/fast-diff-1.1.2.tgz",
			"integrity": "sha1-S2LEK44D3j+EhGC2OQeZIGldAVQ="
		},
		"figures": {
			"version": "2.0.0",
			"resolved": "https://registry.npm.taobao.org/figures/download/figures-2.0.0.tgz",
			"integrity": "sha1-OrGi0qYsi/tDGgyUy3l6L84nyWI=",
			"requires": {
				"escape-string-regexp": "^1.0.5"
			}
		},
		"function-bind": {
			"version": "1.1.1",
			"resolved": "https://registry.npm.taobao.org/function-bind/download/function-bind-1.1.1.tgz",
			"integrity": "sha1-pWiZ0+o8m6uHS7l3O3xe3pL0iV0="
		},
		"get-intrinsic": {
			"version": "1.0.1",
			"resolved": "https://registry.npm.taobao.org/get-intrinsic/download/get-intrinsic-1.0.1.tgz?cache=0&sync_timestamp=1604120614516&other_urls=https%3A%2F%2Fregistry.npm.taobao.org%2Fget-intrinsic%2Fdownload%2Fget-intrinsic-1.0.1.tgz",
			"integrity": "sha1-lKl2j8vdBZWhySc6rPTInQdWMb4=",
			"requires": {
				"function-bind": "^1.1.1",
				"has": "^1.0.3",
				"has-symbols": "^1.0.1"
			}
		},
		"has": {
			"version": "1.0.3",
			"resolved": "https://registry.npm.taobao.org/has/download/has-1.0.3.tgz",
			"integrity": "sha1-ci18v8H2qoJB8W3YFOAR4fQeh5Y=",
			"requires": {
				"function-bind": "^1.1.1"
			}
		},
		"has-ansi": {
			"version": "2.0.0",
			"resolved": "https://registry.npm.taobao.org/has-ansi/download/has-ansi-2.0.0.tgz",
			"integrity": "sha1-NPUEnOHs3ysGSa8+8k5F7TVBbZE=",
			"requires": {
				"ansi-regex": "^2.0.0"
			}
		},
		"has-symbols": {
			"version": "1.0.1",
			"resolved": "https://registry.npm.taobao.org/has-symbols/download/has-symbols-1.0.1.tgz",
			"integrity": "sha1-n1IUdYpEGWxAbZvXbOv4HsLdMeg="
		},
		"hotkeys-js": {
			"version": "3.8.1",
			"resolved": "https://registry.npm.taobao.org/hotkeys-js/download/hotkeys-js-3.8.1.tgz",
			"integrity": "sha1-+nBR9zvx3JKouNWApAskf5GWY3Y="
		},
		"iconv-lite": {
			"version": "0.4.24",
			"resolved": "https://registry.npm.taobao.org/iconv-lite/download/iconv-lite-0.4.24.tgz?cache=0&sync_timestamp=1594184264130&other_urls=https%3A%2F%2Fregistry.npm.taobao.org%2Ficonv-lite%2Fdownload%2Ficonv-lite-0.4.24.tgz",
			"integrity": "sha1-ICK0sl+93CHS9SSXSkdKr+czkIs=",
			"requires": {
				"safer-buffer": ">= 2.1.2 < 3"
			}
		},
		"immutable": {
			"version": "4.0.0-rc.12",
			"resolved": "https://registry.npm.taobao.org/immutable/download/immutable-4.0.0-rc.12.tgz",
			"integrity": "sha1-ylmn5MGa6Nm/dKl73w9uLypdAhc="
		},
		"inquirer": {
			"version": "3.0.6",
			"resolved": "https://registry.npm.taobao.org/inquirer/download/inquirer-3.0.6.tgz?cache=0&sync_timestamp=1595471874679&other_urls=https%3A%2F%2Fregistry.npm.taobao.org%2Finquirer%2Fdownload%2Finquirer-3.0.6.tgz",
			"integrity": "sha1-4EqqnQW3o8ubD0B9BDdfBEcZA0c=",
			"requires": {
				"ansi-escapes": "^1.1.0",
				"chalk": "^1.0.0",
				"cli-cursor": "^2.1.0",
				"cli-width": "^2.0.0",
				"external-editor": "^2.0.1",
				"figures": "^2.0.0",
				"lodash": "^4.3.0",
				"mute-stream": "0.0.7",
				"run-async": "^2.2.0",
				"rx": "^4.1.0",
				"string-width": "^2.0.0",
				"strip-ansi": "^3.0.0",
				"through": "^2.3.6"
			}
		},
		"intersperse": {
			"version": "1.0.0",
			"resolved": "https://registry.npm.taobao.org/intersperse/download/intersperse-1.0.0.tgz",
			"integrity": "sha1-8lYfsc/vn1J3zDNHoiiGtDUaUYE="
		},
		"is-arguments": {
			"version": "1.0.4",
			"resolved": "https://registry.npm.taobao.org/is-arguments/download/is-arguments-1.0.4.tgz",
			"integrity": "sha1-P6+WbHy6D/Q3+zH2JQCC/PBEjPM="
		},
		"is-callable": {
			"version": "1.2.2",
			"resolved": "https://registry.npm.taobao.org/is-callable/download/is-callable-1.2.2.tgz?cache=0&sync_timestamp=1600719276620&other_urls=https%3A%2F%2Fregistry.npm.taobao.org%2Fis-callable%2Fdownload%2Fis-callable-1.2.2.tgz",
			"integrity": "sha1-x8ZxXNItTdtI0+GZcCI6zquwgNk="
		},
		"is-date-object": {
			"version": "1.0.2",
			"resolved": "https://registry.npm.taobao.org/is-date-object/download/is-date-object-1.0.2.tgz",
			"integrity": "sha1-vac28s2P0G0yhE53Q7+nSUw7/X4="
		},
		"is-fullwidth-code-point": {
			"version": "2.0.0",
			"resolved": "https://registry.npm.taobao.org/is-fullwidth-code-point/download/is-fullwidth-code-point-2.0.0.tgz",
			"integrity": "sha1-o7MKXE8ZkYMWeqq5O+764937ZU8="
		},
		"is-mobile": {
			"version": "2.2.2",
			"resolved": "https://registry.npm.taobao.org/is-mobile/download/is-mobile-2.2.2.tgz?cache=0&sync_timestamp=1592980461945&other_urls=https%3A%2F%2Fregistry.npm.taobao.org%2Fis-mobile%2Fdownload%2Fis-mobile-2.2.2.tgz",
			"integrity": "sha1-9snF1Q7gElTOBec5vdg18e1OmVQ="
		},
		"is-negative-zero": {
			"version": "2.0.0",
			"resolved": "https://registry.npm.taobao.org/is-negative-zero/download/is-negative-zero-2.0.0.tgz",
			"integrity": "sha1-lVOxIbD6wohp2p7UWeIMdUN4hGE="
		},
		"is-regex": {
			"version": "1.1.1",
			"resolved": "https://registry.npm.taobao.org/is-regex/download/is-regex-1.1.1.tgz?cache=0&sync_timestamp=1596555709354&other_urls=https%3A%2F%2Fregistry.npm.taobao.org%2Fis-regex%2Fdownload%2Fis-regex-1.1.1.tgz",
			"integrity": "sha1-xvmKrMVG9s7FRooHt7FTq1ZKV7k=",
			"requires": {
				"has-symbols": "^1.0.1"
			}
		},
		"is-stream": {
			"version": "1.1.0",
			"resolved": "https://registry.npm.taobao.org/is-stream/download/is-stream-1.1.0.tgz",
			"integrity": "sha1-EtSj3U5o4Lec6428hBc66A2RykQ="
		},
		"is-symbol": {
			"version": "1.0.3",
			"resolved": "https://registry.npm.taobao.org/is-symbol/download/is-symbol-1.0.3.tgz?cache=0&sync_timestamp=1574296307739&other_urls=https%3A%2F%2Fregistry.npm.taobao.org%2Fis-symbol%2Fdownload%2Fis-symbol-1.0.3.tgz",
			"integrity": "sha1-OOEBS55jKb4N6dJKQU/XRB7GGTc=",
			"requires": {
				"has-symbols": "^1.0.1"
			}
		},
		"ismobilejs": {
			"version": "1.1.1",
			"resolved": "https://registry.npm.taobao.org/ismobilejs/download/ismobilejs-1.1.1.tgz?cache=0&sync_timestamp=1586902809632&other_urls=https%3A%2F%2Fregistry.npm.taobao.org%2Fismobilejs%2Fdownload%2Fismobilejs-1.1.1.tgz",
			"integrity": "sha1-xWygro5Sskyg8iul7zIVot27qg4="
		},
		"js-tokens": {
			"version": "4.0.0",
			"resolved": "https://registry.npm.taobao.org/js-tokens/download/js-tokens-4.0.0.tgz?cache=0&sync_timestamp=1586796305651&other_urls=https%3A%2F%2Fregistry.npm.taobao.org%2Fjs-tokens%2Fdownload%2Fjs-tokens-4.0.0.tgz",
			"integrity": "sha1-GSA/tZmR35jjoocFDUZHzerzJJk="
		},
		"json2mq": {
			"version": "0.2.0",
			"resolved": "https://registry.npm.taobao.org/json2mq/download/json2mq-0.2.0.tgz",
			"integrity": "sha1-tje9O6nqvhIsg+lyBIOusQ0skEo=",
			"requires": {
				"string-convert": "^0.2.0"
			}
		},
		"lodash": {
			"version": "4.17.20",
			"resolved": "https://registry.npm.taobao.org/lodash/download/lodash-4.17.20.tgz?cache=0&sync_timestamp=1597336147792&other_urls=https%3A%2F%2Fregistry.npm.taobao.org%2Flodash%2Fdownload%2Flodash-4.17.20.tgz",
			"integrity": "sha1-tEqbYpe8tpjxxRo1RaKzs2jVnFI="
		},
		"lodash.toarray": {
			"version": "4.4.0",
			"resolved": "https://registry.npm.taobao.org/lodash.toarray/download/lodash.toarray-4.4.0.tgz",
			"integrity": "sha1-JMS/zWsvuji/0FlNsRedjptlZWE="
		},
		"loose-envify": {
			"version": "1.4.0",
			"resolved": "https://registry.npm.taobao.org/loose-envify/download/loose-envify-1.4.0.tgz",
			"integrity": "sha1-ce5R+nvkyuwaY4OffmgtgTLTDK8=",
			"requires": {
				"js-tokens": "^3.0.0 || ^4.0.0"
			}
		},
		"mimic-fn": {
			"version": "1.2.0",
			"resolved": "https://registry.npm.taobao.org/mimic-fn/download/mimic-fn-1.2.0.tgz?cache=0&sync_timestamp=1596093964303&other_urls=https%3A%2F%2Fregistry.npm.taobao.org%2Fmimic-fn%2Fdownload%2Fmimic-fn-1.2.0.tgz",
			"integrity": "sha1-ggyGo5M0ZA6ZUWkovQP8qIBX0CI="
		},
		"minimist": {
			"version": "1.2.0",
			"resolved": "https://registry.npm.taobao.org/minimist/download/minimist-1.2.0.tgz",
			"integrity": "sha1-o1AIsg9BOD7sH7kU9M1d95omQoQ="
		},
		"moment": {
			"version": "2.29.1",
			"resolved": "https://registry.npm.taobao.org/moment/download/moment-2.29.1.tgz?cache=0&sync_timestamp=1601983557585&other_urls=https%3A%2F%2Fregistry.npm.taobao.org%2Fmoment%2Fdownload%2Fmoment-2.29.1.tgz",
			"integrity": "sha1-sr52n6MZQL6e7qZGnAdeNQBvo9M="
		},
		"mutationobserver-shim": {
			"version": "0.3.7",
			"resolved": "https://registry.npm.taobao.org/mutationobserver-shim/download/mutationobserver-shim-0.3.7.tgz",
			"integrity": "sha1-i/YzsMCwKRoRByVe0ywTCIqMW/M="
		},
		"mute-stream": {
			"version": "0.0.7",
			"resolved": "https://registry.npm.taobao.org/mute-stream/download/mute-stream-0.0.7.tgz",
			"integrity": "sha1-MHXOk7whuPq0PhvE2n6BFe0ee6s="
		},
		"nanopop": {
			"version": "2.1.0",
			"resolved": "https://registry.npm.taobao.org/nanopop/download/nanopop-2.1.0.tgz",
			"integrity": "sha1-I0dlE87iQFiIr9LopLVAZrcLnmA="
		},
		"node-emoji": {
			"version": "1.10.0",
			"resolved": "https://registry.npm.taobao.org/node-emoji/download/node-emoji-1.10.0.tgz",
			"integrity": "sha1-iIar0l2ce7YYAqZYUj0fjSqJsto=",
			"requires": {
				"lodash.toarray": "^4.4.0"
			}
		},
		"node-fetch": {
			"version": "1.6.3",
			"resolved": "https://registry.npm.taobao.org/node-fetch/download/node-fetch-1.6.3.tgz?cache=0&sync_timestamp=1599309206591&other_urls=https%3A%2F%2Fregistry.npm.taobao.org%2Fnode-fetch%2Fdownload%2Fnode-fetch-1.6.3.tgz",
			"integrity": "sha1-3CNO3WSJmC1Y6PDbT2lQKavNjAQ=",
			"requires": {
				"encoding": "^0.1.11",
				"is-stream": "^1.0.1"
			}
		},
		"numerify": {
			"version": "1.2.9",
			"resolved": "https://registry.npm.taobao.org/numerify/download/numerify-1.2.9.tgz",
			"integrity": "sha1-r0aWux1X+NOXCmFdiwzVPZMr1Vk="
		},
		"object-assign": {
			"version": "4.1.1",
			"resolved": "https://registry.npm.taobao.org/object-assign/download/object-assign-4.1.1.tgz?cache=0&sync_timestamp=1602657128410&other_urls=https%3A%2F%2Fregistry.npm.taobao.org%2Fobject-assign%2Fdownload%2Fobject-assign-4.1.1.tgz",
			"integrity": "sha1-IQmtx5ZYh8/AXLvUQsrIv7s2CGM="
		},
		"object-inspect": {
			"version": "1.9.0",
			"resolved": "https://registry.npm.taobao.org/object-inspect/download/object-inspect-1.9.0.tgz?cache=0&sync_timestamp=1606804226254&other_urls=https%3A%2F%2Fregistry.npm.taobao.org%2Fobject-inspect%2Fdownload%2Fobject-inspect-1.9.0.tgz",
			"integrity": "sha1-yQUh104RJ7ZyZt7TOUrWEWmGUzo="
		},
		"object-is": {
			"version": "1.1.4",
			"resolved": "https://registry.npm.taobao.org/object-is/download/object-is-1.1.4.tgz?cache=0&sync_timestamp=1606460503743&other_urls=https%3A%2F%2Fregistry.npm.taobao.org%2Fobject-is%2Fdownload%2Fobject-is-1.1.4.tgz",
			"integrity": "sha1-Y9bIPACkP0y8lDTrl1fIpbhWUGg=",
			"requires": {
				"call-bind": "^1.0.0",
				"define-properties": "^1.1.3"
			}
		},
		"object-keys": {
			"version": "1.1.1",
			"resolved": "https://registry.npm.taobao.org/object-keys/download/object-keys-1.1.1.tgz",
			"integrity": "sha1-HEfyct8nfzsdrwYWd9nILiMixg4="
		},
		"object.assign": {
			"version": "4.1.2",
			"resolved": "https://registry.npm.taobao.org/object.assign/download/object.assign-4.1.2.tgz?cache=0&sync_timestamp=1604115300532&other_urls=https%3A%2F%2Fregistry.npm.taobao.org%2Fobject.assign%2Fdownload%2Fobject.assign-4.1.2.tgz",
			"integrity": "sha1-DtVKNC7Os3s4/3brgxoOeIy2OUA=",
			"requires": {
				"call-bind": "^1.0.0",
				"define-properties": "^1.1.3",
				"has-symbols": "^1.0.1",
				"object-keys": "^1.1.1"
			}
		},
		"omit.js": {
			"version": "1.0.2",
			"resolved": "https://registry.npm.taobao.org/omit.js/download/omit.js-1.0.2.tgz",
			"integrity": "sha1-kaFPDrqEBm36AVvzDkdMR/MLyFg=",
			"requires": {
				"babel-runtime": "^6.23.0"
			}
		},
		"onetime": {
			"version": "2.0.1",
			"resolved": "https://registry.npm.taobao.org/onetime/download/onetime-2.0.1.tgz?cache=0&sync_timestamp=1597005190531&other_urls=https%3A%2F%2Fregistry.npm.taobao.org%2Fonetime%2Fdownload%2Fonetime-2.0.1.tgz",
			"integrity": "sha1-BnQoIw/WdEOyeUsiu6UotoZ5YtQ=",
			"requires": {
				"mimic-fn": "^1.0.0"
			}
		},
		"opencollective": {
			"version": "1.0.3",
			"resolved": "https://registry.npm.taobao.org/opencollective/download/opencollective-1.0.3.tgz",
			"integrity": "sha1-ruY3K8KBRFg2kMPKja7PwSDdDvE=",
			"requires": {
				"babel-polyfill": "6.23.0",
				"chalk": "1.1.3",
				"inquirer": "3.0.6",
				"minimist": "1.2.0",
				"node-fetch": "1.6.3",
				"opn": "4.0.2"
			}
		},
		"opencollective-postinstall": {
			"version": "2.0.3",
			"resolved": "https://registry.npm.taobao.org/opencollective-postinstall/download/opencollective-postinstall-2.0.3.tgz",
			"integrity": "sha1-eg//l49tv6TQBiOPusmO1BmMMlk="
		},
		"opn": {
			"version": "4.0.2",
			"resolved": "https://registry.npm.taobao.org/opn/download/opn-4.0.2.tgz",
			"integrity": "sha1-erwi5kTf9jsKltWrfyeQwPAavJU=",
			"requires": {
				"object-assign": "^4.0.1",
				"pinkie-promise": "^2.0.0"
			}
		},
		"os-tmpdir": {
			"version": "1.0.2",
			"resolved": "https://registry.npm.taobao.org/os-tmpdir/download/os-tmpdir-1.0.2.tgz",
			"integrity": "sha1-u+Z0BseaqFxc/sdm/lc0VV36EnQ="
		},
		"papaparse": {
			"version": "5.3.0",
			"resolved": "https://registry.npm.taobao.org/papaparse/download/papaparse-5.3.0.tgz",
			"integrity": "sha1-qxcC/rlueatDCWUvNtuVNlY60Fo="
		},
		"parchment": {
			"version": "1.1.4",
			"resolved": "https://registry.npm.taobao.org/parchment/download/parchment-1.1.4.tgz",
			"integrity": "sha1-rt7Xq5OP6SHUw0vDOc4RaLwv/eU="
		},
		"performance-now": {
			"version": "2.1.0",
			"resolved": "https://registry.npm.taobao.org/performance-now/download/performance-now-2.1.0.tgz",
			"integrity": "sha1-Ywn04OX6kT7BxpMHrjZLSzd8nns="
		},
		"pinkie": {
			"version": "2.0.4",
			"resolved": "https://registry.npm.taobao.org/pinkie/download/pinkie-2.0.4.tgz",
			"integrity": "sha1-clVrgM+g1IqXToDnckjoDtT3+HA="
		},
		"pinkie-promise": {
			"version": "2.0.1",
			"resolved": "https://registry.npm.taobao.org/pinkie-promise/download/pinkie-promise-2.0.1.tgz",
			"integrity": "sha1-ITXW36ejWMBprJsXh3YogihFD/o=",
			"requires": {
				"pinkie": "^2.0.0"
			}
		},
		"quill": {
			"version": "1.3.7",
			"resolved": "https://registry.npm.taobao.org/quill/download/quill-1.3.7.tgz",
			"integrity": "sha1-2lsvOixHDpMjQM2/NmjJ8h+Shug=",
			"requires": {
				"clone": "^2.1.1",
				"deep-equal": "^1.0.1",
				"eventemitter3": "^2.0.3",
				"extend": "^3.0.2",
				"parchment": "^1.1.4",
				"quill-delta": "^3.6.2"
			}
		},
		"quill-delta": {
			"version": "3.6.3",
			"resolved": "https://registry.npm.taobao.org/quill-delta/download/quill-delta-3.6.3.tgz",
			"integrity": "sha1-sZ/SuJQSMBxg4f8hPY2GDqwPEDI=",
			"requires": {
				"deep-equal": "^1.0.1",
				"extend": "^3.0.2",
				"fast-diff": "1.1.2"
			}
		},
		"raf": {
			"version": "3.4.1",
			"resolved": "https://registry.npm.taobao.org/raf/download/raf-3.4.1.tgz",
			"integrity": "sha1-B0LpmkplUvRF1z4+4DKK8P8e3jk=",
			"requires": {
				"performance-now": "^2.1.0"
			}
		},
		"regenerator-runtime": {
			"version": "0.11.1",
			"resolved": "https://registry.npm.taobao.org/regenerator-runtime/download/regenerator-runtime-0.11.1.tgz?cache=0&sync_timestamp=1595456117883&other_urls=https%3A%2F%2Fregistry.npm.taobao.org%2Fregenerator-runtime%2Fdownload%2Fregenerator-runtime-0.11.1.tgz",
			"integrity": "sha1-vgWtf5v30i4Fb5cmzuUBf78Z4uk="
		},
		"regexp.prototype.flags": {
			"version": "1.3.0",
			"resolved": "https://registry.npm.taobao.org/regexp.prototype.flags/download/regexp.prototype.flags-1.3.0.tgz",
			"integrity": "sha1-erqJs8E6ZFCdq888qNn7ub31y3U=",
			"requires": {
				"define-properties": "^1.1.3",
				"es-abstract": "^1.17.0-next.1"
			}
		},
		"resize-detector": {
			"version": "0.2.2",
			"resolved": "https://registry.npm.taobao.org/resize-detector/download/resize-detector-0.2.2.tgz",
			"integrity": "sha1-sgfnKRK+8L2p+4Jf6JTtlobKll4="
		},
		"resize-observer-polyfill": {
			"version": "1.5.1",
			"resolved": "https://registry.npm.taobao.org/resize-observer-polyfill/download/resize-observer-polyfill-1.5.1.tgz",
			"integrity": "sha1-DpAg3T0hAkRY1OvSfiPkAmmBBGQ="
		},
		"restore-cursor": {
			"version": "2.0.0",
			"resolved": "https://registry.npm.taobao.org/restore-cursor/download/restore-cursor-2.0.0.tgz",
			"integrity": "sha1-n37ih/gv0ybU/RYpI9YhKe7g368=",
			"requires": {
				"onetime": "^2.0.0",
				"signal-exit": "^3.0.2"
			}
		},
		"run-async": {
			"version": "2.4.1",
			"resolved": "https://registry.npm.taobao.org/run-async/download/run-async-2.4.1.tgz",
			"integrity": "sha1-hEDsz5nqPnC9QJ1JqriOEMGJpFU="
		},
		"rx": {
			"version": "4.1.0",
			"resolved": "https://registry.npm.taobao.org/rx/download/rx-4.1.0.tgz",
			"integrity": "sha1-pfE/957zt0D+MKqAP7CfmIBdR4I="
		},
		"safer-buffer": {
			"version": "2.1.2",
			"resolved": "https://registry.npm.taobao.org/safer-buffer/download/safer-buffer-2.1.2.tgz",
			"integrity": "sha1-RPoWGwGHuVSd2Eu5GAL5vYOFzWo="
		},
		"shallow-equal": {
			"version": "1.2.1",
			"resolved": "https://registry.npm.taobao.org/shallow-equal/download/shallow-equal-1.2.1.tgz",
			"integrity": "sha1-TBar+lYEOqINBQMk76aJQLDaedo="
		},
		"shallowequal": {
			"version": "1.1.0",
			"resolved": "https://registry.npm.taobao.org/shallowequal/download/shallowequal-1.1.0.tgz",
			"integrity": "sha1-GI1SHelbkIdAT9TctosT3wrk5/g="
		},
		"signal-exit": {
			"version": "3.0.3",
			"resolved": "https://registry.npm.taobao.org/signal-exit/download/signal-exit-3.0.3.tgz",
			"integrity": "sha1-oUEMLt2PB3sItOJTyOrPyvBXRhw="
		},
		"string-convert": {
			"version": "0.2.1",
			"resolved": "https://registry.npm.taobao.org/string-convert/download/string-convert-0.2.1.tgz",
			"integrity": "sha1-aYLMMEn7tM2F+LJFaLnZvznu/5c="
		},
		"string-width": {
			"version": "2.1.1",
			"resolved": "https://registry.npm.taobao.org/string-width/download/string-width-2.1.1.tgz",
			"integrity": "sha1-q5Pyeo3BPSjKyBXEYhQ6bZASrp4=",
			"requires": {
				"is-fullwidth-code-point": "^2.0.0",
				"strip-ansi": "^4.0.0"
			},
			"dependencies": {
				"ansi-regex": {
					"version": "3.0.0",
					"resolved": "https://registry.npm.taobao.org/ansi-regex/download/ansi-regex-3.0.0.tgz?cache=0&sync_timestamp=1570188570027&other_urls=https%3A%2F%2Fregistry.npm.taobao.org%2Fansi-regex%2Fdownload%2Fansi-regex-3.0.0.tgz",
					"integrity": "sha1-7QMXwyIGT3lGbAKWa922Bas32Zg="
				},
				"strip-ansi": {
					"version": "4.0.0",
					"resolved": "https://registry.npm.taobao.org/strip-ansi/download/strip-ansi-4.0.0.tgz",
					"integrity": "sha1-qEeQIusaw2iocTibY1JixQXuNo8=",
					"requires": {
						"ansi-regex": "^3.0.0"
					}
				}
			}
		},
		"string.prototype.trimend": {
			"version": "1.0.3",
			"resolved": "https://registry.npm.taobao.org/string.prototype.trimend/download/string.prototype.trimend-1.0.3.tgz?cache=0&sync_timestamp=1606008018729&other_urls=https%3A%2F%2Fregistry.npm.taobao.org%2Fstring.prototype.trimend%2Fdownload%2Fstring.prototype.trimend-1.0.3.tgz",
			"integrity": "sha1-oivVPMpcfPRNfJ1ccyEYhz1s0Ys=",
			"requires": {
				"call-bind": "^1.0.0",
				"define-properties": "^1.1.3"
			}
		},
		"string.prototype.trimstart": {
			"version": "1.0.3",
			"resolved": "https://registry.npm.taobao.org/string.prototype.trimstart/download/string.prototype.trimstart-1.0.3.tgz?cache=0&sync_timestamp=1606008018620&other_urls=https%3A%2F%2Fregistry.npm.taobao.org%2Fstring.prototype.trimstart%2Fdownload%2Fstring.prototype.trimstart-1.0.3.tgz",
			"integrity": "sha1-m0y1kOEjuzZWRAHVmCQpjeUP1ao=",
			"requires": {
				"call-bind": "^1.0.0",
				"define-properties": "^1.1.3"
			}
		},
		"strip-ansi": {
			"version": "3.0.1",
			"resolved": "https://registry.npm.taobao.org/strip-ansi/download/strip-ansi-3.0.1.tgz",
			"integrity": "sha1-ajhfuIU9lS1f8F0Oiq+UJ43GPc8=",
			"requires": {
				"ansi-regex": "^2.0.0"
			}
		},
		"supports-color": {
			"version": "2.0.0",
			"resolved": "https://registry.npm.taobao.org/supports-color/download/supports-color-2.0.0.tgz?cache=0&sync_timestamp=1606205076835&other_urls=https%3A%2F%2Fregistry.npm.taobao.org%2Fsupports-color%2Fdownload%2Fsupports-color-2.0.0.tgz",
			"integrity": "sha1-U10EXOa2Nj+kARcIRimZXp3zJMc="
		},
		"through": {
			"version": "2.3.8",
			"resolved": "https://registry.npm.taobao.org/through/download/through-2.3.8.tgz",
			"integrity": "sha1-DdTJ/6q8NXlgsbckEV1+Doai4fU="
		},
		"tinycolor2": {
			"version": "1.4.2",
			"resolved": "https://registry.npm.taobao.org/tinycolor2/download/tinycolor2-1.4.2.tgz",
			"integrity": "sha1-P2pNEHGtB2dtf6Ry4frECnGdiAM="
		},
		"tmp": {
			"version": "0.0.33",
			"resolved": "https://registry.npm.taobao.org/tmp/download/tmp-0.0.33.tgz?cache=0&sync_timestamp=1588178859061&other_urls=https%3A%2F%2Fregistry.npm.taobao.org%2Ftmp%2Fdownload%2Ftmp-0.0.33.tgz",
			"integrity": "sha1-bTQzWIl2jSGyvNoKonfO07G/rfk=",
			"requires": {
				"os-tmpdir": "~1.0.2"
			}
		},
		"utils-lite": {
			"version": "0.1.10",
			"resolved": "https://registry.npm.taobao.org/utils-lite/download/utils-lite-0.1.10.tgz",
			"integrity": "sha1-0pCMBILiPDHmsIJVhUDnE0/619c="
		},
		"v-charts": {
			"version": "1.19.0",
			"resolved": "https://registry.npm.taobao.org/v-charts/download/v-charts-1.19.0.tgz",
			"integrity": "sha1-B7cBgAsVm9UUJk/8i/ErBAUULaM=",
			"requires": {
				"echarts-amap": "1.0.0-rc.6",
				"echarts-liquidfill": "^2.0.2",
				"echarts-wordcloud": "^1.1.3",
				"numerify": "1.2.9",
				"utils-lite": "0.1.10"
			}
		},
		"vant": {
			"version": "2.11.1",
			"resolved": "https://registry.npm.taobao.org/vant/download/vant-2.11.1.tgz",
			"integrity": "sha1-5x4SHJUXcM5BLRcqqN82K+8fubw=",
			"requires": {
				"@babel/runtime": "7.x",
				"@vant/icons": "1.4.0",
				"@vant/popperjs": "^1.0.0",
				"@vue/babel-helper-vue-jsx-merge-props": "^1.0.0",
				"vue-lazyload": "1.2.3"
			}
		},
		"vue": {
			"version": "2.6.12",
			"resolved": "https://registry.npm.taobao.org/vue/download/vue-2.6.12.tgz?cache=0&sync_timestamp=1606946160685&other_urls=https%3A%2F%2Fregistry.npm.taobao.org%2Fvue%2Fdownload%2Fvue-2.6.12.tgz",
			"integrity": "sha1-9evU+mvShpQD4pqJau1JBEVskSM="
		},
		"vue-lazyload": {
			"version": "1.2.3",
			"resolved": "https://registry.npm.taobao.org/vue-lazyload/download/vue-lazyload-1.2.3.tgz",
			"integrity": "sha1-kB+ewVx+bKeHgaK65KNDaGve2yw="
		},
		"vue-quill-editor": {
			"version": "3.0.6",
			"resolved": "https://registry.npm.taobao.org/vue-quill-editor/download/vue-quill-editor-3.0.6.tgz",
			"integrity": "sha1-H4VkYhHWijGoCnLLf0W7LxGbyPs=",
			"requires": {
				"object-assign": "^4.1.1",
				"quill": "^1.3.4"
			}
		},
		"vue-ref": {
			"version": "2.0.0",
			"resolved": "https://registry.npm.taobao.org/vue-ref/download/vue-ref-2.0.0.tgz",
			"integrity": "sha1-SDCE1zKr7RHaeWd4qCZqOvDqGpw="
		},
		"warning": {
			"version": "4.0.3",
			"resolved": "https://registry.npm.taobao.org/warning/download/warning-4.0.3.tgz",
			"integrity": "sha1-Fungd+uKhtavfWSqHgX9hbRnjKM=",
			"requires": {
				"loose-envify": "^1.0.0"
			}
		},
		"x-data-spreadsheet": {
			"version": "1.1.8",
			"resolved": "https://registry.npm.taobao.org/x-data-spreadsheet/download/x-data-spreadsheet-1.1.8.tgz?cache=0&sync_timestamp=1603362762002&other_urls=https%3A%2F%2Fregistry.npm.taobao.org%2Fx-data-spreadsheet%2Fdownload%2Fx-data-spreadsheet-1.1.8.tgz",
			"integrity": "sha1-sdOs4mIlvuXFzyai9+wg1//7Om0=",
			"requires": {
				"opencollective": "^1.0.3",
				"opencollective-postinstall": "^2.0.2"
			}
		},
		"zrender": {
			"version": "4.3.2",
			"resolved": "https://registry.npm.taobao.org/zrender/download/zrender-4.3.2.tgz?cache=0&sync_timestamp=1605885988121&other_urls=https%3A%2F%2Fregistry.npm.taobao.org%2Fzrender%2Fdownload%2Fzrender-4.3.2.tgz",
			"integrity": "sha1-7HQy+UFcgsc1hLa3uMR+GwFiCcY="
		}
	}
}
